
Microsoft Visual Studio Solution File, Format Version 12.00
# Visual Studio Version 17
VisualStudioVersion = 17.5.002.0
MinimumVisualStudioVersion = 10.0.40219.1
Project("{2150E333-8FDC-42A3-9474-1A3956D46DE8}") = "Analytics", "Analytics", "{9C28FADF-9AEF-4018-8319-B7B35733E25A}"
EndProject
Project("{9A19103F-16F7-4668-BE54-9A1E7A4F7556}") = "Analytics", "Analytics\Analytics\Analytics.csproj", "{977D639B-E732-454A-889A-4BD8E335F9C0}"
EndProject
Global
	GlobalSection(SolutionConfigurationPlatforms) = preSolution
		Debug|Any CPU = Debug|Any CPU
		Release|Any CPU = Release|Any CPU
	EndGlobalSection
	GlobalSection(ProjectConfigurationPlatforms) = postSolution
		{977D639B-E732-454A-889A-4BD8E335F9C0}.Debug|Any CPU.ActiveCfg = Debug|Any CPU
		{977D639B-E732-454A-889A-4BD8E335F9C0}.Debug|Any CPU.Build.0 = Debug|Any CPU
		{977D639B-E732-454A-889A-4BD8E335F9C0}.Release|Any CPU.ActiveCfg = Release|Any CPU
		{977D639B-E732-454A-889A-4BD8E335F9C0}.Release|Any CPU.Build.0 = Release|Any CPU
	EndGlobalSection
	GlobalSection(SolutionProperties) = preSolution
		HideSolutionNode = FALSE
	EndGlobalSection
	GlobalSection(NestedProjects) = preSolution
		{977D639B-E732-454A-889A-4BD8E335F9C0} = {9C28FADF-9AEF-4018-8319-B7B35733E25A}
	EndGlobalSection
	GlobalSection(ExtensibilityGlobals) = postSolution
		SolutionGuid = {6781E4A6-0194-40EC-AD98-E1E4AE19ACCA}
	EndGlobalSection
EndGlobal
